
Microsoft Visual Studio Solution File, Format Version 12.00
# Visual Studio Version 17
VisualStudioVersion = 17.6.33712.159
MinimumVisualStudioVersion = 10.0.40219.1
Project("{FAE04EC0-301F-11D3-BF4B-00C04F79EFBC}") = "Object Oriented Programming Inheritance", "Object Oriented Programming Inheritance.csproj", "{52DBC0B6-E4B3-4CDB-9036-647B10DA7259}"
EndProject
Global
	GlobalSection(SolutionConfigurationPlatforms) = preSolution
		Debug|Any CPU = Debug|Any CPU
		Release|Any CPU = Release|Any CPU
	EndGlobalSection
	GlobalSection(ProjectConfigurationPlatforms) = postSolution
		{52DBC0B6-E4B3-4CDB-9036-647B10DA7259}.Debug|Any CPU.ActiveCfg = Debug|Any CPU
		{52DBC0B6-E4B3-4CDB-9036-647B10DA7259}.Debug|Any CPU.Build.0 = Debug|Any CPU
		{52DBC0B6-E4B3-4CDB-9036-647B10DA7259}.Release|Any CPU.ActiveCfg = Release|Any CPU
		{52DBC0B6-E4B3-4CDB-9036-647B10DA7259}.Release|Any CPU.Build.0 = Release|Any CPU
	EndGlobalSection
	GlobalSection(SolutionProperties) = preSolution
		HideSolutionNode = FALSE
	EndGlobalSection
	GlobalSection(ExtensibilityGlobals) = postSolution
		SolutionGuid = {7ACF7447-6099-4BE4-AF97-BDC5AA43E78D}
	EndGlobalSection
EndGlobal
